
Microsoft Visual Studio Solution File, Format Version 12.00
# Visual Studio Version 17
VisualStudioVersion = 17.9.34728.123
MinimumVisualStudioVersion = 10.0.40219.1
Project("{FAE04EC0-301F-11D3-BF4B-00C04F79EFBC}") = "BmiTester", "BmiTester\BmiTester.csproj", "{1E78E904-B411-4BB5-964A-57192A7A4923}"
EndProject
Global
	GlobalSection(SolutionConfigurationPlatforms) = preSolution
		Debug|Any CPU = Debug|Any CPU
		Release|Any CPU = Release|Any CPU
	EndGlobalSection
	GlobalSection(ProjectConfigurationPlatforms) = postSolution
		{1E78E904-B411-4BB5-964A-57192A7A4923}.Debug|Any CPU.ActiveCfg = Debug|Any CPU
		{1E78E904-B411-4BB5-964A-57192A7A4923}.Debug|Any CPU.Build.0 = Debug|Any CPU
		{1E78E904-B411-4BB5-964A-57192A7A4923}.Release|Any CPU.ActiveCfg = Release|Any CPU
		{1E78E904-B411-4BB5-964A-57192A7A4923}.Release|Any CPU.Build.0 = Release|Any CPU
	EndGlobalSection
	GlobalSection(SolutionProperties) = preSolution
		HideSolutionNode = FALSE
	EndGlobalSection
	GlobalSection(ExtensibilityGlobals) = postSolution
		SolutionGuid = {5CF16488-8A6E-4C60-A5A6-AB52AC29EC65}
	EndGlobalSection
EndGlobal
