
Microsoft Visual Studio Solution File, Format Version 12.00
# Visual Studio Version 17
VisualStudioVersion = 17.10.35004.147
MinimumVisualStudioVersion = 10.0.40219.1
Project("{FAE04EC0-301F-11D3-BF4B-00C04F79EFBC}") = "ProductManagermentUI", "ProductManagermentUI\ProductManagermentUI.csproj", "{09EC67F3-76D1-4395-A2B7-8081D627AB49}"
EndProject
Project("{FAE04EC0-301F-11D3-BF4B-00C04F79EFBC}") = "ProductManagermentBLL", "ProductManagermentBLL\ProductManagermentBLL.csproj", "{056A22DE-67EA-488F-A07F-4FB5848BD806}"
EndProject
Project("{FAE04EC0-301F-11D3-BF4B-00C04F79EFBC}") = "ProductManagementDAL", "ProductManagementDAL\ProductManagementDAL.csproj", "{8AC59960-5154-4409-B007-DE03389C4A42}"
EndProject
Global
	GlobalSection(SolutionConfigurationPlatforms) = preSolution
		Debug|Any CPU = Debug|Any CPU
		Release|Any CPU = Release|Any CPU
	EndGlobalSection
	GlobalSection(ProjectConfigurationPlatforms) = postSolution
		{09EC67F3-76D1-4395-A2B7-8081D627AB49}.Debug|Any CPU.ActiveCfg = Debug|Any CPU
		{09EC67F3-76D1-4395-A2B7-8081D627AB49}.Debug|Any CPU.Build.0 = Debug|Any CPU
		{09EC67F3-76D1-4395-A2B7-8081D627AB49}.Release|Any CPU.ActiveCfg = Release|Any CPU
		{09EC67F3-76D1-4395-A2B7-8081D627AB49}.Release|Any CPU.Build.0 = Release|Any CPU
		{056A22DE-67EA-488F-A07F-4FB5848BD806}.Debug|Any CPU.ActiveCfg = Debug|Any CPU
		{056A22DE-67EA-488F-A07F-4FB5848BD806}.Debug|Any CPU.Build.0 = Debug|Any CPU
		{056A22DE-67EA-488F-A07F-4FB5848BD806}.Release|Any CPU.ActiveCfg = Release|Any CPU
		{056A22DE-67EA-488F-A07F-4FB5848BD806}.Release|Any CPU.Build.0 = Release|Any CPU
		{8AC59960-5154-4409-B007-DE03389C4A42}.Debug|Any CPU.ActiveCfg = Debug|Any CPU
		{8AC59960-5154-4409-B007-DE03389C4A42}.Debug|Any CPU.Build.0 = Debug|Any CPU
		{8AC59960-5154-4409-B007-DE03389C4A42}.Release|Any CPU.ActiveCfg = Release|Any CPU
		{8AC59960-5154-4409-B007-DE03389C4A42}.Release|Any CPU.Build.0 = Release|Any CPU
	EndGlobalSection
	GlobalSection(SolutionProperties) = preSolution
		HideSolutionNode = FALSE
	EndGlobalSection
	GlobalSection(ExtensibilityGlobals) = postSolution
		SolutionGuid = {96185631-4549-486D-83FA-DACDB9968AB0}
	EndGlobalSection
EndGlobal
